Microsoft Visual Studio Solution File, Format Version 12.00
# Visual Studio Version 17
VisualStudioVersion = 17.5.2.0
MinimumVisualStudioVersion = 10.0.40219.1
Project("{FAE04EC0-301F-11D3-BF4B-00C04F79EFBC}") = "C#project", "C#project\C#project.csproj", "{AC53CB92-A69E-F205-CAE8-5FBE29FC575A}"
EndProject
Project("{2150E333-8FDC-42A3-9474-1A3956D46DE8}") = "C#project (1)", "C#project (1)", "{4FE7973B-B1C0-5086-64D4-237F67A73681}"
EndProject
Project("{FAE04EC0-301F-11D3-BF4B-00C04F79EFBC}") = "MyProject.Tests", "C#project\MyProject.Tests\MyProject.Tests.csproj", "{1A9615B5-6409-A3D8-F4A4-7F2151DCD52B}"
EndProject
Global
	GlobalSection(SolutionConfigurationPlatforms) = preSolution
		Debug|Any CPU = Debug|Any CPU
		Release|Any CPU = Release|Any CPU
	EndGlobalSection
	GlobalSection(ProjectConfigurationPlatforms) = postSolution
		{AC53CB92-A69E-F205-CAE8-5FBE29FC575A}.Debug|Any CPU.ActiveCfg = Debug|Any CPU
		{AC53CB92-A69E-F205-CAE8-5FBE29FC575A}.Debug|Any CPU.Build.0 = Debug|Any CPU
		{AC53CB92-A69E-F205-CAE8-5FBE29FC575A}.Release|Any CPU.ActiveCfg = Release|Any CPU
		{AC53CB92-A69E-F205-CAE8-5FBE29FC575A}.Release|Any CPU.Build.0 = Release|Any CPU
		{1A9615B5-6409-A3D8-F4A4-7F2151DCD52B}.Debug|Any CPU.ActiveCfg = Debug|Any CPU
		{1A9615B5-6409-A3D8-F4A4-7F2151DCD52B}.Debug|Any CPU.Build.0 = Debug|Any CPU
		{1A9615B5-6409-A3D8-F4A4-7F2151DCD52B}.Release|Any CPU.ActiveCfg = Release|Any CPU
		{1A9615B5-6409-A3D8-F4A4-7F2151DCD52B}.Release|Any CPU.Build.0 = Release|Any CPU
	EndGlobalSection
	GlobalSection(SolutionProperties) = preSolution
		HideSolutionNode = FALSE
	EndGlobalSection
	GlobalSection(NestedProjects) = preSolution
		{1A9615B5-6409-A3D8-F4A4-7F2151DCD52B} = {4FE7973B-B1C0-5086-64D4-237F67A73681}
	EndGlobalSection
	GlobalSection(ExtensibilityGlobals) = postSolution
		SolutionGuid = {A6CCAAFC-7113-49E8-8E94-88E01C90EA29}
	EndGlobalSection
EndGlobal
